// !$*UTF8*$!
{
	archiveVersion = 1;
	classes = {
	};
	objectVersion = 55;
	objects = {

/* Begin PBXBuildFile section */
		4940920B28E28F1E0066A9FB /* GoogleService-Info.plist in Resources */ = {isa = PBXBuildFile; fileRef = 4940920A28E28F1E0066A9FB /* GoogleService-Info.plist */; };
		496A1AEF28F6E30E00A90435 /* InputAccessoryView.xib in Resources */ = {isa = PBXBuildFile; fileRef = 496A1AEE28F6E30E00A90435 /* InputAccessoryView.xib */; };
		496A1AF128F6E39400A90435 /* InputAccessoryView.swift in Sources */ = {isa = PBXBuildFile; fileRef = 496A1AF028F6E39400A90435 /* InputAccessoryView.swift */; };
		498CB39F28F57EEE003012A1 /* CommentViewController.swift in Sources */ = {isa = PBXBuildFile; fileRef = 498CB39E28F57EEE003012A1 /* CommentViewController.swift */; };
		49DEDB1F28ECC67500D5B2EC /* Const.swift in Sources */ = {isa = PBXBuildFile; fileRef = 49DEDB1E28ECC67500D5B2EC /* Const.swift */; };
		49DEDB2128EE67B900D5B2EC /* PostData.swift in Sources */ = {isa = PBXBuildFile; fileRef = 49DEDB2028EE67B900D5B2EC /* PostData.swift */; };
		49DEDB2428EEE08A00D5B2EC /* PostTableViewCell.swift in Sources */ = {isa = PBXBuildFile; fileRef = 49DEDB2228EEE08A00D5B2EC /* PostTableViewCell.swift */; };
		49DEDB2528EEE08A00D5B2EC /* PostTableViewCell.xib in Resources */ = {isa = PBXBuildFile; fileRef = 49DEDB2328EEE08A00D5B2EC /* PostTableViewCell.xib */; };
		49EA877428E1EF0C009C3841 /* AppDelegate.swift in Sources */ = {isa = PBXBuildFile; fileRef = 49EA877328E1EF0C009C3841 /* AppDelegate.swift */; };
		49EA877628E1EF0C009C3841 /* SceneDelegate.swift in Sources */ = {isa = PBXBuildFile; fileRef = 49EA877528E1EF0C009C3841 /* SceneDelegate.swift */; };
		49EA877B28E1EF0C009C3841 /* Main.storyboard in Resources */ = {isa = PBXBuildFile; fileRef = 49EA877928E1EF0C009C3841 /* Main.storyboard */; };
		49EA877D28E1EF0C009C3841 /* Assets.xcassets in Resources */ = {isa = PBXBuildFile; fileRef = 49EA877C28E1EF0C009C3841 /* Assets.xcassets */; };
		49EA878828E1EF59009C3841 /* LoginViewController.swift in Sources */ = {isa = PBXBuildFile; fileRef = 49EA878728E1EF59009C3841 /* LoginViewController.swift */; };
		49EA878A28E1EF6B009C3841 /* HomeViewController.swift in Sources */ = {isa = PBXBuildFile; fileRef = 49EA878928E1EF6B009C3841 /* HomeViewController.swift */; };
		49EA878C28E1EF7C009C3841 /* ImageSelectViewController.swift in Sources */ = {isa = PBXBuildFile; fileRef = 49EA878B28E1EF7C009C3841 /* ImageSelectViewController.swift */; };
		49EA878E28E1EF8A009C3841 /* PostViewController.swift in Sources */ = {isa = PBXBuildFile; fileRef = 49EA878D28E1EF8A009C3841 /* PostViewController.swift */; };
		49EA879028E1EF9A009C3841 /* SettingViewController.swift in Sources */ = {isa = PBXBuildFile; fileRef = 49EA878F28E1EF9A009C3841 /* SettingViewController.swift */; };
		49EA879228E1F1CB009C3841 /* TabBarController.swift in Sources */ = {isa = PBXBuildFile; fileRef = 49EA879128E1F1CB009C3841 /* TabBarController.swift */; };
		7E91D2D58ED44F1E419D1906 /* Pods_Instagram.framework in Frameworks */ = {isa = PBXBuildFile; fileRef = F571361ABA1FD6614139DAEC /* Pods_Instagram.framework */; };
/* End PBXBuildFile section */

/* Begin PBXFileReference section */
		4940920A28E28F1E0066A9FB /* GoogleService-Info.plist */ = {isa = PBXFileReference; fileEncoding = 4; lastKnownFileType = text.plist.xml; path = "GoogleService-Info.plist"; sourceTree = "<group>"; };
		496A1AEE28F6E30E00A90435 /* InputAccessoryView.xib */ = {isa = PBXFileReference; lastKnownFileType = file.xib; path = InputAccessoryView.xib; sourceTree = "<group>"; };
		496A1AF028F6E39400A90435 /* InputAccessoryView.swift */ = {isa = PBXFileReference; lastKnownFileType = sourcecode.swift; path = InputAccessoryView.swift; sourceTree = "<group>"; };
		498CB39E28F57EEE003012A1 /* CommentViewController.swift */ = {isa = PBXFileReference; lastKnownFileType = sourcecode.swift; path = CommentViewController.swift; sourceTree = "<group>"; };
		49DEDB1E28ECC67500D5B2EC /* Const.swift */ = {isa = PBXFileReference; lastKnownFileType = sourcecode.swift; path = Const.swift; sourceTree = "<group>"; };
		49DEDB2028EE67B900D5B2EC /* PostData.swift */ = {isa = PBXFileReference; lastKnownFileType = sourcecode.swift; path = PostData.swift; sourceTree = "<group>"; };
		49DEDB2228EEE08A00D5B2EC /* PostTableViewCell.swift */ = {isa = PBXFileReference; lastKnownFileType = sourcecode.swift; path = PostTableViewCell.swift; sourceTree = "<group>"; };
		49DEDB2328EEE08A00D5B2EC /* PostTableViewCell.xib */ = {isa = PBXFileReference; lastKnownFileType = file.xib; path = PostTableViewCell.xib; sourceTree = "<group>"; };
		49EA877028E1EF0C009C3841 /* Instagram.app */ = {isa = PBXFileReference; explicitFileType = wrapper.application; includeInIndex = 0; path = Instagram.app; sourceTree = BUILT_PRODUCTS_DIR; };
		49EA877328E1EF0C009C3841 /* AppDelegate.swift */ = {isa = PBXFileReference; lastKnownFileType = sourcecode.swift; path = AppDelegate.swift; sourceTree = "<group>"; };
		49EA877528E1EF0C009C3841 /* SceneDelegate.swift */ = {isa = PBXFileReference; lastKnownFileType = sourcecode.swift; path = SceneDelegate.swift; sourceTree = "<group>"; };
		49EA877A28E1EF0C009C3841 /* Base */ = {isa = PBXFileReference; lastKnownFileType = file.storyboard; name = Base; path = Base.lproj/Main.storyboard; sourceTree = "<group>"; };
		49EA877C28E1EF0C009C3841 /* Assets.xcassets */ = {isa = PBXFileReference; lastKnownFileType = folder.assetcatalog; path = Assets.xcassets; sourceTree = "<group>"; };
		49EA878128E1EF0C009C3841 /* Info.plist */ = {isa = PBXFileReference; lastKnownFileType = text.plist.xml; path = Info.plist; sourceTree = "<group>"; };
		49EA878728E1EF59009C3841 /* LoginViewController.swift */ = {isa = PBXFileReference; lastKnownFileType = sourcecode.swift; path = LoginViewController.swift; sourceTree = "<group>"; };
		49EA878928E1EF6B009C3841 /* HomeViewController.swift */ = {isa = PBXFileReference; lastKnownFileType = sourcecode.swift; path = HomeViewController.swift; sourceTree = "<group>"; };
		49EA878B28E1EF7C009C3841 /* ImageSelectViewController.swift */ = {isa = PBXFileReference; lastKnownFileType = sourcecode.swift; path = ImageSelectViewController.swift; sourceTree = "<group>"; };
		49EA878D28E1EF8A009C3841 /* PostViewController.swift */ = {isa = PBXFileReference; lastKnownFileType = sourcecode.swift; path = PostViewController.swift; sourceTree = "<group>"; };
		49EA878F28E1EF9A009C3841 /* SettingViewController.swift */ = {isa = PBXFileReference; lastKnownFileType = sourcecode.swift; path = SettingViewController.swift; sourceTree = "<group>"; };
		49EA879128E1F1CB009C3841 /* TabBarController.swift */ = {isa = PBXFileReference; lastKnownFileType = sourcecode.swift; path = TabBarController.swift; sourceTree = "<group>"; };
		5CE439B8EC255D859070AF2B /* Pods-Instagram.release.xcconfig */ = {isa = PBXFileReference; includeInIndex = 1; lastKnownFileType = text.xcconfig; name = "Pods-Instagram.release.xcconfig"; path = "Target Support Files/Pods-Instagram/Pods-Instagram.release.xcconfig"; sourceTree = "<group>"; };
		C73D1E65F727B9E91EA30803 /* Pods-Instagram.debug.xcconfig */ = {isa = PBXFileReference; includeInIndex = 1; lastKnownFileType = text.xcconfig; name = "Pods-Instagram.debug.xcconfig"; path = "Target Support Files/Pods-Instagram/Pods-Instagram.debug.xcconfig"; sourceTree = "<group>"; };
		F571361ABA1FD6614139DAEC /* Pods_Instagram.framework */ = {isa = PBXFileReference; explicitFileType = wrapper.framework; includeInIndex = 0; path = Pods_Instagram.framework; sourceTree = BUILT_PRODUCTS_DIR; };
/* End PBXFileReference section */

/* Begin PBXFrameworksBuildPhase section */
		49EA876D28E1EF0B009C3841 /* Frameworks */ = {
			isa = PBXFrameworksBuildPhase;
			buildActionMask = 2147483647;
			files = (
				7E91D2D58ED44F1E419D1906 /* Pods_Instagram.framework in Frameworks */,
			);
			runOnlyForDeploymentPostprocessing = 0;
		};
/* End PBXFrameworksBuildPhase section */

/* Begin PBXGroup section */
		34AB3C995B50B6F6CE3E0D25 /* Pods */ = {
			isa = PBXGroup;
			children = (
				C73D1E65F727B9E91EA30803 /* Pods-Instagram.debug.xcconfig */,
				5CE439B8EC255D859070AF2B /* Pods-Instagram.release.xcconfig */,
			);
			path = Pods;
			sourceTree = "<group>";
		};
		44EF4A7F79E9CE491500E731 /* Frameworks */ = {
			isa = PBXGroup;
			children = (
				49EA877128E1EF0C009C3841 /* Products */,
				F571361ABA1FD6614139DAEC /* Pods_Instagram.framework */,
			);
			name = Frameworks;
			sourceTree = "<group>";
		};
		49EA876728E1EF0B009C3841 = {
			isa = PBXGroup;
			children = (
				49EA877228E1EF0C009C3841 /* Instagram */,
				34AB3C995B50B6F6CE3E0D25 /* Pods */,
				44EF4A7F79E9CE491500E731 /* Frameworks */,
			);
			sourceTree = "<group>";
		};
		49EA877128E1EF0C009C3841 /* Products */ = {
			isa = PBXGroup;
			children = (
				49EA877028E1EF0C009C3841 /* Instagram.app */,
			);
			name = Products;
			sourceTree = "<group>";
		};
		49EA877228E1EF0C009C3841 /* Instagram */ = {
			isa = PBXGroup;
			children = (
				49EA877328E1EF0C009C3841 /* AppDelegate.swift */,
				49EA877528E1EF0C009C3841 /* SceneDelegate.swift */,
				49EA878728E1EF59009C3841 /* LoginViewController.swift */,
				49EA878928E1EF6B009C3841 /* HomeViewController.swift */,
				49EA878B28E1EF7C009C3841 /* ImageSelectViewController.swift */,
				49EA878D28E1EF8A009C3841 /* PostViewController.swift */,
				49EA878F28E1EF9A009C3841 /* SettingViewController.swift */,
				49EA879128E1F1CB009C3841 /* TabBarController.swift */,
				49EA877928E1EF0C009C3841 /* Main.storyboard */,
				49EA877C28E1EF0C009C3841 /* Assets.xcassets */,
				49EA878128E1EF0C009C3841 /* Info.plist */,
				4940920A28E28F1E0066A9FB /* GoogleService-Info.plist */,
				49DEDB1E28ECC67500D5B2EC /* Const.swift */,
				49DEDB2028EE67B900D5B2EC /* PostData.swift */,
				49DEDB2228EEE08A00D5B2EC /* PostTableViewCell.swift */,
				49DEDB2328EEE08A00D5B2EC /* PostTableViewCell.xib */,
				498CB39E28F57EEE003012A1 /* CommentViewController.swift */,
				496A1AEE28F6E30E00A90435 /* InputAccessoryView.xib */,
				496A1AF028F6E39400A90435 /* InputAccessoryView.swift */,
			);
			path = Instagram;
			sourceTree = "<group>";
		};
/* End PBXGroup section */

/* Begin PBXNativeTarget section */
		49EA876F28E1EF0B009C3841 /* Instagram */ = {
			isa = PBXNativeTarget;
			buildConfigurationList = 49EA878428E1EF0C009C3841 /* Build configuration list for PBXNativeTarget "Instagram" */;
			buildPhases = (
				784D419E4B83613A44D29090 /* [CP] Check Pods Manifest.lock */,
				49EA876C28E1EF0B009C3841 /* Sources */,
				49EA876D28E1EF0B009C3841 /* Frameworks */,
				49EA876E28E1EF0B009C3841 /* Resources */,
				0088F9BDCA1A2D05F43F2395 /* [CP] Embed Pods Frameworks */,
			);
			buildRules = (
			);
			dependencies = (
			);
			name = Instagram;
			productName = Instagram;
			productReference = 49EA877028E1EF0C009C3841 /* Instagram.app */;
			productType = "com.apple.product-type.application";
		};
/* End PBXNativeTarget section */

/* Begin PBXProject section */
		49EA876828E1EF0B009C3841 /* Project object */ = {
			isa = PBXProject;
			attributes = {
				BuildIndependentTargetsInParallel = 1;
				LastSwiftUpdateCheck = 1340;
				LastUpgradeCheck = 1340;
				TargetAttributes = {
					49EA876F28E1EF0B009C3841 = {
						CreatedOnToolsVersion = 13.4.1;
					};
				};
			};
			buildConfigurationList = 49EA876B28E1EF0B009C3841 /* Build configuration list for PBXProject "Instagram" */;
			compatibilityVersion = "Xcode 13.0";
			developmentRegion = en;
			hasScannedForEncodings = 0;
			knownRegions = (
				en,
				Base,
			);
			mainGroup = 49EA876728E1EF0B009C3841;
			productRefGroup = 49EA877128E1EF0C009C3841 /* Products */;
			projectDirPath = "";
			projectRoot = "";
			targets = (
				49EA876F28E1EF0B009C3841 /* Instagram */,
			);
		};
/* End PBXProject section */

/* Begin PBXResourcesBuildPhase section */
		49EA876E28E1EF0B009C3841 /* Resources */ = {
			isa = PBXResourcesBuildPhase;
			buildActionMask = 2147483647;
			files = (
				49DEDB2528EEE08A00D5B2EC /* PostTableViewCell.xib in Resources */,
				496A1AEF28F6E30E00A90435 /* InputAccessoryView.xib in Resources */,
				4940920B28E28F1E0066A9FB /* GoogleService-Info.plist in Resources */,
				49EA877D28E1EF0C009C3841 /* Assets.xcassets in Resources */,
				49EA877B28E1EF0C009C3841 /* Main.storyboard in Resources */,
			);
			runOnlyForDeploymentPostprocessing = 0;
		};
/* End PBXResourcesBuildPhase section */

/* Begin PBXShellScriptBuildPhase section */
		0088F9BDCA1A2D05F43F2395 /* [CP] Embed Pods Frameworks */ = {
			isa = PBXShellScriptBuildPhase;
			buildActionMask = 2147483647;
			files = (
			);
			inputFileListPaths = (
				"${PODS_ROOT}/Target Support Files/Pods-Instagram/Pods-Instagram-frameworks-${CONFIGURATION}-input-files.xcfilelist",
			);
			name = "[CP] Embed Pods Frameworks";
			outputFileListPaths = (
				"${PODS_ROOT}/Target Support Files/Pods-Instagram/Pods-Instagram-frameworks-${CONFIGURATION}-output-files.xcfilelist",
			);
			runOnlyForDeploymentPostprocessing = 0;
			shellPath = /bin/sh;
			shellScript = "\"${PODS_ROOT}/Target Support Files/Pods-Instagram/Pods-Instagram-frameworks.sh\"\n";
			showEnvVarsInLog = 0;
		};
		784D419E4B83613A44D29090 /* [CP] Check Pods Manifest.lock */ = {
			isa = PBXShellScriptBuildPhase;
			buildActionMask = 2147483647;
			files = (
			);
			inputFileListPaths = (
			);
			inputPaths = (
				"${PODS_PODFILE_DIR_PATH}/Podfile.lock",
				"${PODS_ROOT}/Manifest.lock",
			);
			name = "[CP] Check Pods Manifest.lock";
			outputFileListPaths = (
			);
			outputPaths = (
				"$(DERIVED_FILE_DIR)/Pods-Instagram-checkManifestLockResult.txt",
			);
			runOnlyForDeploymentPostprocessing = 0;
			shellPath = /bin/sh;
			shellScript = "diff \"${PODS_PODFILE_DIR_PATH}/Podfile.lock\" \"${PODS_ROOT}/Manifest.lock\" > /dev/null\nif [ $? != 0 ] ; then\n    # print error to STDERR\n    echo \"error: The sandbox is not in sync with the Podfile.lock. Run 'pod install' or update your CocoaPods installation.\" >&2\n    exit 1\nfi\n# This output is used by Xcode 'outputs' to avoid re-running this script phase.\necho \"SUCCESS\" > \"${SCRIPT_OUTPUT_FILE_0}\"\n";
			showEnvVarsInLog = 0;
		};
/* End PBXShellScriptBuildPhase section */

/* Begin PBXSourcesBuildPhase section */
		49EA876C28E1EF0B009C3841 /* Sources */ = {
			isa = PBXSourcesBuildPhase;
			buildActionMask = 2147483647;
			files = (
				49DEDB2428EEE08A00D5B2EC /* PostTableViewCell.swift in Sources */,
				49EA878C28E1EF7C009C3841 /* ImageSelectViewController.swift in Sources */,
				49EA879228E1F1CB009C3841 /* TabBarController.swift in Sources */,
				496A1AF128F6E39400A90435 /* InputAccessoryView.swift in Sources */,
				49EA878A28E1EF6B009C3841 /* HomeViewController.swift in Sources */,
				49EA878E28E1EF8A009C3841 /* PostViewController.swift in Sources */,
				49EA879028E1EF9A009C3841 /* SettingViewController.swift in Sources */,
				49DEDB2128EE67B900D5B2EC /* PostData.swift in Sources */,
				49EA878828E1EF59009C3841 /* LoginViewController.swift in Sources */,
				498CB39F28F57EEE003012A1 /* CommentViewController.swift in Sources */,
				49EA877428E1EF0C009C3841 /* AppDelegate.swift in Sources */,
				49EA877628E1EF0C009C3841 /* SceneDelegate.swift in Sources */,
				49DEDB1F28ECC67500D5B2EC /* Const.swift in Sources */,
			);
			runOnlyForDeploymentPostprocessing = 0;
		};
/* End PBXSourcesBuildPhase section */

/* Begin PBXVariantGroup section */
		49EA877928E1EF0C009C3841 /* Main.storyboard */ = {
			isa = PBXVariantGroup;
			children = (
				49EA877A28E1EF0C009C3841 /* Base */,
			);
			name = Main.storyboard;
			sourceTree = "<group>";
		};
/* End PBXVariantGroup section */

/* Begin XCBuildConfiguration section */
		49EA878228E1EF0C009C3841 /* Debug */ = {
			isa = XCBuildConfiguration;
			buildSettings = {
				ALWAYS_SEARCH_USER_PATHS = NO;
				CLANG_ANALYZER_NONNULL = YES;
				CLANG_ANALYZER_NUMBER_OBJECT_CONVERSION = YES_AGGRESSIVE;
				CLANG_CXX_LANGUAGE_STANDARD = "gnu++17";
				CLANG_ENABLE_MODULES = YES;
				CLANG_ENABLE_OBJC_ARC = YES;
				CLANG_ENABLE_OBJC_WEAK = YES;
				CLANG_WARN_BLOCK_CAPTURE_AUTORELEASING = YES;
				CLANG_WARN_BOOL_CONVERSION = YES;
				CLANG_WARN_COMMA = YES;
				CLANG_WARN_CONSTANT_CONVERSION = YES;
				CLANG_WARN_DEPRECATED_OBJC_IMPLEMENTATIONS = YES;
				CLANG_WARN_DIRECT_OBJC_ISA_USAGE = YES_ERROR;
				CLANG_WARN_DOCUMENTATION_COMMENTS = YES;
				CLANG_WARN_EMPTY_BODY = YES;
				CLANG_WARN_ENUM_CONVERSION = YES;
				CLANG_WARN_INFINITE_RECURSION = YES;
				CLANG_WARN_INT_CONVERSION = YES;
				CLANG_WARN_NON_LITERAL_NULL_CONVERSION = YES;
				CLANG_WARN_OBJC_IMPLICIT_RETAIN_SELF = YES;
				CLANG_WARN_OBJC_LITERAL_CONVERSION = YES;
				CLANG_WARN_OBJC_ROOT_CLASS = YES_ERROR;
				CLANG_WARN_QUOTED_INCLUDE_IN_FRAMEWORK_HEADER = YES;
				CLANG_WARN_RANGE_LOOP_ANALYSIS = YES;
				CLANG_WARN_STRICT_PROTOTYPES = YES;
				CLANG_WARN_SUSPICIOUS_MOVE = YES;
				CLANG_WARN_UNGUARDED_AVAILABILITY = YES_AGGRESSIVE;
				CLANG_WARN_UNREACHABLE_CODE = YES;
				CLANG_WARN__DUPLICATE_METHOD_MATCH = YES;
				COPY_PHASE_STRIP = NO;
				DEBUG_INFORMATION_FORMAT = dwarf;
				ENABLE_STRICT_OBJC_MSGSEND = YES;
				ENABLE_TESTABILITY = YES;
				GCC_C_LANGUAGE_STANDARD = gnu11;
				GCC_DYNAMIC_NO_PIC = NO;
				GCC_NO_COMMON_BLOCKS = YES;
				GCC_OPTIMIZATION_LEVEL = 0;
				GCC_PREPROCESSOR_DEFINITIONS = (
					"DEBUG=1",
					"$(inherited)",
				);
				GCC_WARN_64_TO_32_BIT_CONVERSION = YES;
				GCC_WARN_ABOUT_RETURN_TYPE = YES_ERROR;
				GCC_WARN_UNDECLARED_SELECTOR = YES;
				GCC_WARN_UNINITIALIZED_AUTOS = YES_AGGRESSIVE;
				GCC_WARN_UNUSED_FUNCTION = YES;
				GCC_WARN_UNUSED_VARIABLE = YES;
				IPHONEOS_DEPLOYMENT_TARGET = 15.5;
				MTL_ENABLE_DEBUG_INFO = INCLUDE_SOURCE;
				MTL_FAST_MATH = YES;
				ONLY_ACTIVE_ARCH = YES;
				SDKROOT = iphoneos;
				SWIFT_ACTIVE_COMPILATION_CONDITIONS = DEBUG;
				SWIFT_OPTIMIZATION_LEVEL = "-Onone";
			};
			name = Debug;
		};
		49EA878328E1EF0C009C3841 /* Release */ = {
			isa = XCBuildConfiguration;
			buildSettings = {
				ALWAYS_SEARCH_USER_PATHS = NO;
				CLANG_ANALYZER_NONNULL = YES;
				CLANG_ANALYZER_NUMBER_OBJECT_CONVERSION = YES_AGGRESSIVE;
				CLANG_CXX_LANGUAGE_STANDARD = "gnu++17";
				CLANG_ENABLE_MODULES = YES;
				CLANG_ENABLE_OBJC_ARC = YES;
				CLANG_ENABLE_OBJC_WEAK = YES;
				CLANG_WARN_BLOCK_CAPTURE_AUTORELEASING = YES;
				CLANG_WARN_BOOL_CONVERSION = YES;
				CLANG_WARN_COMMA = YES;
				CLANG_WARN_CONSTANT_CONVERSION = YES;
				CLANG_WARN_DEPRECATED_OBJC_IMPLEMENTATIONS = YES;
				CLANG_WARN_DIRECT_OBJC_ISA_USAGE = YES_ERROR;
				CLANG_WARN_DOCUMENTATION_COMMENTS = YES;
				CLANG_WARN_EMPTY_BODY = YES;
				CLANG_WARN_ENUM_CONVERSION = YES;
				CLANG_WARN_INFINITE_RECURSION = YES;
				CLANG_WARN_INT_CONVERSION = YES;
				CLANG_WARN_NON_LITERAL_NULL_CONVERSION = YES;
				CLANG_WARN_OBJC_IMPLICIT_RETAIN_SELF = YES;
				CLANG_WARN_OBJC_LITERAL_CONVERSION = YES;
				CLANG_WARN_OBJC_ROOT_CLASS = YES_ERROR;
				CLANG_WARN_QUOTED_INCLUDE_IN_FRAMEWORK_HEADER = YES;
				CLANG_WARN_RANGE_LOOP_ANALYSIS = YES;
				CLANG_WARN_STRICT_PROTOTYPES = YES;
				CLANG_WARN_SUSPICIOUS_MOVE = YES;
				CLANG_WARN_UNGUARDED_AVAILABILITY = YES_AGGRESSIVE;
				CLANG_WARN_UNREACHABLE_CODE = YES;
				CLANG_WARN__DUPLICATE_METHOD_MATCH = YES;
				COPY_PHASE_STRIP = NO;
				DEBUG_INFORMATION_FORMAT = "dwarf-with-dsym";
				ENABLE_NS_ASSERTIONS = NO;
				ENABLE_STRICT_OBJC_MSGSEND = YES;
				GCC_C_LANGUAGE_STANDARD = gnu11;
				GCC_NO_COMMON_BLOCKS = YES;
				GCC_WARN_64_TO_32_BIT_CONVERSION = YES;
				GCC_WARN_ABOUT_RETURN_TYPE = YES_ERROR;
				GCC_WARN_UNDECLARED_SELECTOR = YES;
				GCC_WARN_UNINITIALIZED_AUTOS = YES_AGGRESSIVE;
				GCC_WARN_UNUSED_FUNCTION = YES;
				GCC_WARN_UNUSED_VARIABLE = YES;
				IPHONEOS_DEPLOYMENT_TARGET = 15.5;
				MTL_ENABLE_DEBUG_INFO = NO;
				MTL_FAST_MATH = YES;
				SDKROOT = iphoneos;
				SWIFT_COMPILATION_MODE = wholemodule;
				SWIFT_OPTIMIZATION_LEVEL = "-O";
				VALIDATE_PRODUCT = YES;
			};
			name = Release;
		};
		49EA878528E1EF0C009C3841 /* Debug */ = {
			isa = XCBuildConfiguration;
			baseConfigurationReference = C73D1E65F727B9E91EA30803 /* Pods-Instagram.debug.xcconfig */;
			buildSettings = {
				ASSETCATALOG_COMPILER_APPICON_NAME = AppIcon;
				ASSETCATALOG_COMPILER_GLOBAL_ACCENT_COLOR_NAME = AccentColor;
				CODE_SIGN_STYLE = Automatic;
				CURRENT_PROJECT_VERSION = 1;
				DEVELOPMENT_TEAM = 35V8Y7UC7R;
				GENERATE_INFOPLIST_FILE = YES;
				INFOPLIST_FILE = Instagram/Info.plist;
				INFOPLIST_KEY_NSCameraUsageDescription = "本アプリは、画像の投稿及び編集のため、カメラの使用許可を求めます。";
				INFOPLIST_KEY_UIApplicationSupportsIndirectInputEvents = YES;
				INFOPLIST_KEY_UILaunchStoryboardName = LaunchScreen;
				INFOPLIST_KEY_UIMainStoryboardFile = Main;
				INFOPLIST_KEY_UISupportedInterfaceOrientations_iPad = "UIInterfaceOrientationPortrait UIInterfaceOrientationPortraitUpsideDown UIInterfaceOrientationLandscapeLeft UIInterfaceOrientationLandscapeRight";
				INFOPLIST_KEY_UISupportedInterfaceOrientations_iPhone = UIInterfaceOrientationPortrait;
				LD_RUNPATH_SEARCH_PATHS = (
					"$(inherited)",
					"@executable_path/Frameworks",
				);
				MARKETING_VERSION = 1.0;
				PRODUCT_BUNDLE_IDENTIFIER = jp.techacademy.junko.izumi.Instagram;
				PRODUCT_NAME = "$(TARGET_NAME)";
				SWIFT_EMIT_LOC_STRINGS = YES;
				SWIFT_VERSION = 5.0;
				TARGETED_DEVICE_FAMILY = 1;
			};
			name = Debug;
		};
		49EA878628E1EF0C009C3841 /* Release */ = {
			isa = XCBuildConfiguration;
			baseConfigurationReference = 5CE439B8EC255D859070AF2B /* Pods-Instagram.release.xcconfig */;
			buildSettings = {
				ASSETCATALOG_COMPILER_APPICON_NAME = AppIcon;
				ASSETCATALOG_COMPILER_GLOBAL_ACCENT_COLOR_NAME = AccentColor;
				CODE_SIGN_STYLE = Automatic;
				CURRENT_PROJECT_VERSION = 1;
				DEVELOPMENT_TEAM = 35V8Y7UC7R;
				GENERATE_INFOPLIST_FILE = YES;
				INFOPLIST_FILE = Instagram/Info.plist;
				INFOPLIST_KEY_NSCameraUsageDescription = "本アプリは、画像の投稿及び編集のため、カメラの使用許可を求めます。";
				INFOPLIST_KEY_UIApplicationSupportsIndirectInputEvents = YES;
				INFOPLIST_KEY_UILaunchStoryboardName = LaunchScreen;
				INFOPLIST_KEY_UIMainStoryboardFile = Main;
				INFOPLIST_KEY_UISupportedInterfaceOrientations_iPad = "UIInterfaceOrientationPortrait UIInterfaceOrientationPortraitUpsideDown UIInterfaceOrientationLandscapeLeft UIInterfaceOrientationLandscapeRight";
				INFOPLIST_KEY_UISupportedInterfaceOrientations_iPhone = UIInterfaceOrientationPortrait;
				LD_RUNPATH_SEARCH_PATHS = (
					"$(inherited)",
					"@executable_path/Frameworks",
				);
				MARKETING_VERSION = 1.0;
				PRODUCT_BUNDLE_IDENTIFIER = jp.techacademy.junko.izumi.Instagram;
				PRODUCT_NAME = "$(TARGET_NAME)";
				SWIFT_EMIT_LOC_STRINGS = YES;
				SWIFT_VERSION = 5.0;
				TARGETED_DEVICE_FAMILY = 1;
			};
			name = Release;
		};
/* End XCBuildConfiguration section */

/* Begin XCConfigurationList section */
		49EA876B28E1EF0B009C3841 /* Build configuration list for PBXProject "Instagram" */ = {
			isa = XCConfigurationList;
			buildConfigurations = (
				49EA878228E1EF0C009C3841 /* Debug */,
				49EA878328E1EF0C009C3841 /* Release */,
			);
			defaultConfigurationIsVisible = 0;
			defaultConfigurationName = Release;
		};
		49EA878428E1EF0C009C3841 /* Build configuration list for PBXNativeTarget "Instagram" */ = {
			isa = XCConfigurationList;
			buildConfigurations = (
				49EA878528E1EF0C009C3841 /* Debug */,
				49EA878628E1EF0C009C3841 /* Release */,
			);
			defaultConfigurationIsVisible = 0;
			defaultConfigurationName = Release;
		};
/* End XCConfigurationList section */
	};
	rootObject = 49EA876828E1EF0B009C3841 /* Project object */;
}
